
Microsoft Visual Studio Solution File, Format Version 11.00
# Visual Studio 2010
Project("{FAE04EC0-301F-11D3-BF4B-00C04F79EFBC}") = "Lixo Estelar", "Assembly-CSharp-firstpass.csproj", "{715936B3-0EBB-CA3A-2003-2625101972A5}"
EndProject
Project("{FAE04EC0-301F-11D3-BF4B-00C04F79EFBC}") = "Lixo Estelar", "Assembly-CSharp.csproj", "{EA3D6475-6C52-1BF1-2B0F-3E97C9D4D415}"
EndProject
Project("{FAE04EC0-301F-11D3-BF4B-00C04F79EFBC}") = "Lixo Estelar", "Assembly-CSharp-Editor-firstpass.csproj", "{0A563C8F-D0C2-F90D-9350-095272F17F59}"
EndProject
Global
	GlobalSection(SolutionConfigurationPlatforms) = preSolution
		Debug|Any CPU = Debug|Any CPU
		Release|Any CPU = Release|Any CPU
	EndGlobalSection
	GlobalSection(ProjectConfigurationPlatforms) = postSolution
		{715936B3-0EBB-CA3A-2003-2625101972A5}.Debug|Any CPU.ActiveCfg = Debug|Any CPU
		{715936B3-0EBB-CA3A-2003-2625101972A5}.Debug|Any CPU.Build.0 = Debug|Any CPU
		{715936B3-0EBB-CA3A-2003-2625101972A5}.Release|Any CPU.ActiveCfg = Release|Any CPU
		{715936B3-0EBB-CA3A-2003-2625101972A5}.Release|Any CPU.Build.0 = Release|Any CPU
		{EA3D6475-6C52-1BF1-2B0F-3E97C9D4D415}.Debug|Any CPU.ActiveCfg = Debug|Any CPU
		{EA3D6475-6C52-1BF1-2B0F-3E97C9D4D415}.Debug|Any CPU.Build.0 = Debug|Any CPU
		{EA3D6475-6C52-1BF1-2B0F-3E97C9D4D415}.Release|Any CPU.ActiveCfg = Release|Any CPU
		{EA3D6475-6C52-1BF1-2B0F-3E97C9D4D415}.Release|Any CPU.Build.0 = Release|Any CPU
		{0A563C8F-D0C2-F90D-9350-095272F17F59}.Debug|Any CPU.ActiveCfg = Debug|Any CPU
		{0A563C8F-D0C2-F90D-9350-095272F17F59}.Debug|Any CPU.Build.0 = Debug|Any CPU
		{0A563C8F-D0C2-F90D-9350-095272F17F59}.Release|Any CPU.ActiveCfg = Release|Any CPU
		{0A563C8F-D0C2-F90D-9350-095272F17F59}.Release|Any CPU.Build.0 = Release|Any CPU
	EndGlobalSection
	GlobalSection(SolutionProperties) = preSolution
		HideSolutionNode = FALSE
	EndGlobalSection
	GlobalSection(MonoDevelopProperties) = preSolution
		StartupItem = Assembly-CSharp.csproj
	EndGlobalSection
EndGlobal
